// !$*UTF8*$!
{
	archiveVersion = 1;
	classes = {
	};
	objectVersion = 50;
	objects = {

/* Begin PBXBuildFile section */
		3C044A90211C72A900F4AC24 /* StoreKit.framework in Frameworks */ = {isa = PBXBuildFile; fileRef = 3C044A8F211C72A900F4AC24 /* StoreKit.framework */; };
		3C18D6B8239F9A14004566B2 /* JKIAPActivityIndicatorProtocol.h in Headers */ = {isa = PBXBuildFile; fileRef = 3C18D6B7239F9A14004566B2 /* JKIAPActivityIndicatorProtocol.h */; settings = {ATTRIBUTES = (Public, ); }; };
		3C18D6BC23A0C51D004566B2 /* JKIAPHelp.h in Headers */ = {isa = PBXBuildFile; fileRef = 3CB70FF3218736670009FF44 /* JKIAPHelp.h */; settings = {ATTRIBUTES = (Public, ); }; };
		3C18D6BF23A0C52C004566B2 /* JKIAPPayDelegate.h in Headers */ = {isa = PBXBuildFile; fileRef = 3CB70FF0218736670009FF44 /* JKIAPPayDelegate.h */; settings = {ATTRIBUTES = (Public, ); }; };
		3C18D6C023A0C532004566B2 /* JKJailbreakDetectTool.m in Sources */ = {isa = PBXBuildFile; fileRef = 3CB70FF1218736670009FF44 /* JKJailbreakDetectTool.m */; };
		3C18D6C123A0C540004566B2 /* JKIAPTransactionModel.h in Headers */ = {isa = PBXBuildFile; fileRef = 3CB70FF6218736670009FF44 /* JKIAPTransactionModel.h */; settings = {ATTRIBUTES = (Public, ); }; };
		3C18D6C223A0C55D004566B2 /* JKIAPConfig.m in Sources */ = {isa = PBXBuildFile; fileRef = 3CB70FF8218736670009FF44 /* JKIAPConfig.m */; };
		3C18D6C323A0C564004566B2 /* JKJailbreakDetectTool.h in Headers */ = {isa = PBXBuildFile; fileRef = 3CB70FFA218736670009FF44 /* JKJailbreakDetectTool.h */; settings = {ATTRIBUTES = (Public, ); }; };
		3C18D6C423A0C567004566B2 /* JKIAPTransactionModel.m in Sources */ = {isa = PBXBuildFile; fileRef = 3CB70FFB218736670009FF44 /* JKIAPTransactionModel.m */; };
		3C18D6C923A0CB30004566B2 /* JKReachability.m in Sources */ = {isa = PBXBuildFile; fileRef = 3C18D6C723A0CB30004566B2 /* JKReachability.m */; };
		3C18D6CA23A0CB30004566B2 /* JKReachability.h in Headers */ = {isa = PBXBuildFile; fileRef = 3C18D6C823A0CB30004566B2 /* JKReachability.h */; settings = {ATTRIBUTES = (Public, ); }; };
		3C18D6CC23A0E754004566B2 /* SAMKeychainQuery.h in Headers */ = {isa = PBXBuildFile; fileRef = 3C697EC621199E2A00DACD60 /* SAMKeychainQuery.h */; settings = {ATTRIBUTES = (Public, ); }; };
		3C18D6CD23A0E75B004566B2 /* SAMKeychain.h in Headers */ = {isa = PBXBuildFile; fileRef = 3C697EC421199E2A00DACD60 /* SAMKeychain.h */; settings = {ATTRIBUTES = (Public, ); }; };
		3C24EE5522F9689900A81B08 /* JKIAPHelper.framework in Frameworks */ = {isa = PBXBuildFile; fileRef = 3C24EE4E22F9689900A81B08 /* JKIAPHelper.framework */; };
		3C24EE5622F9689900A81B08 /* JKIAPHelper.framework in Embed Frameworks */ = {isa = PBXBuildFile; fileRef = 3C24EE4E22F9689900A81B08 /* JKIAPHelper.framework */; settings = {ATTRIBUTES = (CodeSignOnCopy, RemoveHeadersOnCopy, ); }; };
		3C697E8521194BC500DACD60 /* AppDelegate.m in Sources */ = {isa = PBXBuildFile; fileRef = 3C697E8421194BC500DACD60 /* AppDelegate.m */; };
		3C697E8821194BC500DACD60 /* ViewController.m in Sources */ = {isa = PBXBuildFile; fileRef = 3C697E8721194BC500DACD60 /* ViewController.m */; };
		3C697E8B21194BC500DACD60 /* Main.storyboard in Resources */ = {isa = PBXBuildFile; fileRef = 3C697E8921194BC500DACD60 /* Main.storyboard */; };
		3C697E8D21194BD900DACD60 /* Assets.xcassets in Resources */ = {isa = PBXBuildFile; fileRef = 3C697E8C21194BD900DACD60 /* Assets.xcassets */; };
		3C697E9021194BD900DACD60 /* LaunchScreen.storyboard in Resources */ = {isa = PBXBuildFile; fileRef = 3C697E8E21194BD900DACD60 /* LaunchScreen.storyboard */; };
		3C697E9321194BD900DACD60 /* main.m in Sources */ = {isa = PBXBuildFile; fileRef = 3C697E9221194BD900DACD60 /* main.m */; };
		3C697ECC21199E2A00DACD60 /* SAMKeychain.m in Sources */ = {isa = PBXBuildFile; fileRef = 3C697EC521199E2A00DACD60 /* SAMKeychain.m */; };
		3C697ECD21199E2A00DACD60 /* SAMKeychainQuery.m in Sources */ = {isa = PBXBuildFile; fileRef = 3C697EC721199E2A00DACD60 /* SAMKeychainQuery.m */; };
		3C697ECE21199E2A00DACD60 /* SAMKeychain.bundle in Resources */ = {isa = PBXBuildFile; fileRef = 3C697EC921199E2A00DACD60 /* SAMKeychain.bundle */; };
/* End PBXBuildFile section */

/* Begin PBXContainerItemProxy section */
		3C24EE5322F9689900A81B08 /* PBXContainerItemProxy */ = {
			isa = PBXContainerItemProxy;
			containerPortal = 3C697E7821194BC500DACD60 /* Project object */;
			proxyType = 1;
			remoteGlobalIDString = 3C24EE4D22F9689900A81B08;
			remoteInfo = JKIAPHelper;
		};
/* End PBXContainerItemProxy section */

/* Begin PBXCopyFilesBuildPhase section */
		3C24EE5A22F9689900A81B08 /* Embed Frameworks */ = {
			isa = PBXCopyFilesBuildPhase;
			buildActionMask = 2147483647;
			dstPath = "";
			dstSubfolderSpec = 10;
			files = (
				3C24EE5622F9689900A81B08 /* JKIAPHelper.framework in Embed Frameworks */,
			);
			name = "Embed Frameworks";
			runOnlyForDeploymentPostprocessing = 0;
		};
/* End PBXCopyFilesBuildPhase section */

/* Begin PBXFileReference section */
		3C044A8F211C72A900F4AC24 /* StoreKit.framework */ = {isa = PBXFileReference; lastKnownFileType = wrapper.framework; name = StoreKit.framework; path = System/Library/Frameworks/StoreKit.framework; sourceTree = SDKROOT; };
		3C18D6B7239F9A14004566B2 /* JKIAPActivityIndicatorProtocol.h */ = {isa = PBXFileReference; lastKnownFileType = sourcecode.c.h; path = JKIAPActivityIndicatorProtocol.h; sourceTree = "<group>"; };
		3C18D6C723A0CB30004566B2 /* JKReachability.m */ = {isa = PBXFileReference; fileEncoding = 4; lastKnownFileType = sourcecode.c.objc; path = JKReachability.m; sourceTree = "<group>"; };
		3C18D6C823A0CB30004566B2 /* JKReachability.h */ = {isa = PBXFileReference; fileEncoding = 4; lastKnownFileType = sourcecode.c.h; path = JKReachability.h; sourceTree = "<group>"; };
		3C24EE4E22F9689900A81B08 /* JKIAPHelper.framework */ = {isa = PBXFileReference; explicitFileType = wrapper.framework; includeInIndex = 0; path = JKIAPHelper.framework; sourceTree = BUILT_PRODUCTS_DIR; };
		3C697E8021194BC500DACD60 /* IPADemo.app */ = {isa = PBXFileReference; explicitFileType = wrapper.application; includeInIndex = 0; path = IPADemo.app; sourceTree = BUILT_PRODUCTS_DIR; };
		3C697E8321194BC500DACD60 /* AppDelegate.h */ = {isa = PBXFileReference; lastKnownFileType = sourcecode.c.h; path = AppDelegate.h; sourceTree = "<group>"; };
		3C697E8421194BC500DACD60 /* AppDelegate.m */ = {isa = PBXFileReference; lastKnownFileType = sourcecode.c.objc; path = AppDelegate.m; sourceTree = "<group>"; };
		3C697E8621194BC500DACD60 /* ViewController.h */ = {isa = PBXFileReference; lastKnownFileType = sourcecode.c.h; path = ViewController.h; sourceTree = "<group>"; };
		3C697E8721194BC500DACD60 /* ViewController.m */ = {isa = PBXFileReference; lastKnownFileType = sourcecode.c.objc; path = ViewController.m; sourceTree = "<group>"; };
		3C697E8A21194BC500DACD60 /* Base */ = {isa = PBXFileReference; lastKnownFileType = file.storyboard; name = Base; path = Base.lproj/Main.storyboard; sourceTree = "<group>"; };
		3C697E8C21194BD900DACD60 /* Assets.xcassets */ = {isa = PBXFileReference; lastKnownFileType = folder.assetcatalog; path = Assets.xcassets; sourceTree = "<group>"; };
		3C697E8F21194BD900DACD60 /* Base */ = {isa = PBXFileReference; lastKnownFileType = file.storyboard; name = Base; path = Base.lproj/LaunchScreen.storyboard; sourceTree = "<group>"; };
		3C697E9121194BD900DACD60 /* Info.plist */ = {isa = PBXFileReference; lastKnownFileType = text.plist.xml; path = Info.plist; sourceTree = "<group>"; };
		3C697E9221194BD900DACD60 /* main.m */ = {isa = PBXFileReference; lastKnownFileType = sourcecode.c.objc; path = main.m; sourceTree = "<group>"; };
		3C697EC421199E2A00DACD60 /* SAMKeychain.h */ = {isa = PBXFileReference; fileEncoding = 4; lastKnownFileType = sourcecode.c.h; path = SAMKeychain.h; sourceTree = "<group>"; };
		3C697EC521199E2A00DACD60 /* SAMKeychain.m */ = {isa = PBXFileReference; fileEncoding = 4; lastKnownFileType = sourcecode.c.objc; path = SAMKeychain.m; sourceTree = "<group>"; };
		3C697EC621199E2A00DACD60 /* SAMKeychainQuery.h */ = {isa = PBXFileReference; fileEncoding = 4; lastKnownFileType = sourcecode.c.h; path = SAMKeychainQuery.h; sourceTree = "<group>"; };
		3C697EC721199E2A00DACD60 /* SAMKeychainQuery.m */ = {isa = PBXFileReference; fileEncoding = 4; lastKnownFileType = sourcecode.c.objc; path = SAMKeychainQuery.m; sourceTree = "<group>"; };
		3C697EC921199E2A00DACD60 /* SAMKeychain.bundle */ = {isa = PBXFileReference; lastKnownFileType = "wrapper.plug-in"; path = SAMKeychain.bundle; sourceTree = "<group>"; };
		3CB70FEE218736670009FF44 /* JKIAPConfig.h */ = {isa = PBXFileReference; fileEncoding = 4; lastKnownFileType = sourcecode.c.h; path = JKIAPConfig.h; sourceTree = "<group>"; };
		3CB70FEF218736670009FF44 /* JKIAPManager.h */ = {isa = PBXFileReference; fileEncoding = 4; lastKnownFileType = sourcecode.c.h; path = JKIAPManager.h; sourceTree = "<group>"; };
		3CB70FF0218736670009FF44 /* JKIAPPayDelegate.h */ = {isa = PBXFileReference; fileEncoding = 4; lastKnownFileType = sourcecode.c.h; path = JKIAPPayDelegate.h; sourceTree = "<group>"; };
		3CB70FF1218736670009FF44 /* JKJailbreakDetectTool.m */ = {isa = PBXFileReference; fileEncoding = 4; lastKnownFileType = sourcecode.c.objc; path = JKJailbreakDetectTool.m; sourceTree = "<group>"; };
		3CB70FF3218736670009FF44 /* JKIAPHelp.h */ = {isa = PBXFileReference; fileEncoding = 4; lastKnownFileType = sourcecode.c.h; path = JKIAPHelp.h; sourceTree = "<group>"; };
		3CB70FF4218736670009FF44 /* JKIAPActivityIndicator.h */ = {isa = PBXFileReference; fileEncoding = 4; lastKnownFileType = sourcecode.c.h; path = JKIAPActivityIndicator.h; sourceTree = "<group>"; };
		3CB70FF5218736670009FF44 /* JKIAPVerifyManager.h */ = {isa = PBXFileReference; fileEncoding = 4; lastKnownFileType = sourcecode.c.h; path = JKIAPVerifyManager.h; sourceTree = "<group>"; };
		3CB70FF6218736670009FF44 /* JKIAPTransactionModel.h */ = {isa = PBXFileReference; fileEncoding = 4; lastKnownFileType = sourcecode.c.h; path = JKIAPTransactionModel.h; sourceTree = "<group>"; };
		3CB70FF7218736670009FF44 /* JKIAPManager.m */ = {isa = PBXFileReference; fileEncoding = 4; lastKnownFileType = sourcecode.c.objc; path = JKIAPManager.m; sourceTree = "<group>"; };
		3CB70FF8218736670009FF44 /* JKIAPConfig.m */ = {isa = PBXFileReference; fileEncoding = 4; lastKnownFileType = sourcecode.c.objc; path = JKIAPConfig.m; sourceTree = "<group>"; };
		3CB70FFA218736670009FF44 /* JKJailbreakDetectTool.h */ = {isa = PBXFileReference; fileEncoding = 4; lastKnownFileType = sourcecode.c.h; path = JKJailbreakDetectTool.h; sourceTree = "<group>"; };
		3CB70FFB218736670009FF44 /* JKIAPTransactionModel.m */ = {isa = PBXFileReference; fileEncoding = 4; lastKnownFileType = sourcecode.c.objc; path = JKIAPTransactionModel.m; sourceTree = "<group>"; };
		3CB70FFC218736670009FF44 /* JKIAPVerifyManager.m */ = {isa = PBXFileReference; fileEncoding = 4; lastKnownFileType = sourcecode.c.objc; path = JKIAPVerifyManager.m; sourceTree = "<group>"; };
		3CB70FFD218736670009FF44 /* JKIAPActivityIndicator.m */ = {isa = PBXFileReference; fileEncoding = 4; lastKnownFileType = sourcecode.c.objc; path = JKIAPActivityIndicator.m; sourceTree = "<group>"; };
/* End PBXFileReference section */

/* Begin PBXFrameworksBuildPhase section */
		3C24EE4B22F9689900A81B08 /* Frameworks */ = {
			isa = PBXFrameworksBuildPhase;
			buildActionMask = 2147483647;
			files = (
			);
			runOnlyForDeploymentPostprocessing = 0;
		};
		3C697E7D21194BC500DACD60 /* Frameworks */ = {
			isa = PBXFrameworksBuildPhase;
			buildActionMask = 2147483647;
			files = (
				3C24EE5522F9689900A81B08 /* JKIAPHelper.framework in Frameworks */,
				3C044A90211C72A900F4AC24 /* StoreKit.framework in Frameworks */,
			);
			runOnlyForDeploymentPostprocessing = 0;
		};
/* End PBXFrameworksBuildPhase section */

/* Begin PBXGroup section */
		3C044A8E211C72A900F4AC24 /* Frameworks */ = {
			isa = PBXGroup;
			children = (
				3C044A8F211C72A900F4AC24 /* StoreKit.framework */,
			);
			name = Frameworks;
			sourceTree = "<group>";
		};
		3C18D6B923A09808004566B2 /* Activity */ = {
			isa = PBXGroup;
			children = (
				3CB70FF4218736670009FF44 /* JKIAPActivityIndicator.h */,
				3CB70FFD218736670009FF44 /* JKIAPActivityIndicator.m */,
				3C18D6B7239F9A14004566B2 /* JKIAPActivityIndicatorProtocol.h */,
			);
			path = Activity;
			sourceTree = "<group>";
		};
		3C18D6CB23A0CC62004566B2 /* Manager */ = {
			isa = PBXGroup;
			children = (
				3CB70FEF218736670009FF44 /* JKIAPManager.h */,
				3CB70FF7218736670009FF44 /* JKIAPManager.m */,
				3CB70FF5218736670009FF44 /* JKIAPVerifyManager.h */,
				3CB70FFC218736670009FF44 /* JKIAPVerifyManager.m */,
			);
			path = Manager;
			sourceTree = "<group>";
		};
		3C697E7721194BC500DACD60 = {
			isa = PBXGroup;
			children = (
				3CB70FED218736670009FF44 /* JKIAPHelp */,
				3C697EC021199E2A00DACD60 /* SAMKeychain */,
				3C697E8221194BC500DACD60 /* IPADemo */,
				3C697E8121194BC500DACD60 /* Products */,
				3C044A8E211C72A900F4AC24 /* Frameworks */,
			);
			sourceTree = "<group>";
		};
		3C697E8121194BC500DACD60 /* Products */ = {
			isa = PBXGroup;
			children = (
				3C697E8021194BC500DACD60 /* IPADemo.app */,
				3C24EE4E22F9689900A81B08 /* JKIAPHelper.framework */,
			);
			name = Products;
			sourceTree = "<group>";
		};
		3C697E8221194BC500DACD60 /* IPADemo */ = {
			isa = PBXGroup;
			children = (
				3C697E8321194BC500DACD60 /* AppDelegate.h */,
				3C697E8421194BC500DACD60 /* AppDelegate.m */,
				3C697E8621194BC500DACD60 /* ViewController.h */,
				3C697E8721194BC500DACD60 /* ViewController.m */,
				3C697E8921194BC500DACD60 /* Main.storyboard */,
				3C697E8C21194BD900DACD60 /* Assets.xcassets */,
				3C697E8E21194BD900DACD60 /* LaunchScreen.storyboard */,
				3C697E9121194BD900DACD60 /* Info.plist */,
				3C697E9221194BD900DACD60 /* main.m */,
			);
			path = IPADemo;
			sourceTree = "<group>";
		};
		3C697EC021199E2A00DACD60 /* SAMKeychain */ = {
			isa = PBXGroup;
			children = (
				3C697EC321199E2A00DACD60 /* Sources */,
				3C697EC821199E2A00DACD60 /* Support */,
			);
			path = SAMKeychain;
			sourceTree = "<group>";
		};
		3C697EC321199E2A00DACD60 /* Sources */ = {
			isa = PBXGroup;
			children = (
				3C697EC421199E2A00DACD60 /* SAMKeychain.h */,
				3C697EC521199E2A00DACD60 /* SAMKeychain.m */,
				3C697EC621199E2A00DACD60 /* SAMKeychainQuery.h */,
				3C697EC721199E2A00DACD60 /* SAMKeychainQuery.m */,
			);
			path = Sources;
			sourceTree = "<group>";
		};
		3C697EC821199E2A00DACD60 /* Support */ = {
			isa = PBXGroup;
			children = (
				3C697EC921199E2A00DACD60 /* SAMKeychain.bundle */,
			);
			path = Support;
			sourceTree = "<group>";
		};
		3CB70FED218736670009FF44 /* JKIAPHelp */ = {
			isa = PBXGroup;
			children = (
				3CB70FF3218736670009FF44 /* JKIAPHelp.h */,
				3C18D6CB23A0CC62004566B2 /* Manager */,
				3C18D6B923A09808004566B2 /* Activity */,
				3C18D6C823A0CB30004566B2 /* JKReachability.h */,
				3C18D6C723A0CB30004566B2 /* JKReachability.m */,
				3CB70FF0218736670009FF44 /* JKIAPPayDelegate.h */,
				3CB70FF1218736670009FF44 /* JKJailbreakDetectTool.m */,
				3CB70FF6218736670009FF44 /* JKIAPTransactionModel.h */,
				3CB70FEE218736670009FF44 /* JKIAPConfig.h */,
				3CB70FF8218736670009FF44 /* JKIAPConfig.m */,
				3CB70FFA218736670009FF44 /* JKJailbreakDetectTool.h */,
				3CB70FFB218736670009FF44 /* JKIAPTransactionModel.m */,
			);
			name = JKIAPHelp;
			path = ../JKIAPHelp;
			sourceTree = "<group>";
		};
/* End PBXGroup section */

/* Begin PBXHeadersBuildPhase section */
		3C24EE4922F9689900A81B08 /* Headers */ = {
			isa = PBXHeadersBuildPhase;
			buildActionMask = 2147483647;
			files = (
				3C18D6BC23A0C51D004566B2 /* JKIAPHelp.h in Headers */,
				3C18D6BF23A0C52C004566B2 /* JKIAPPayDelegate.h in Headers */,
				3C18D6B8239F9A14004566B2 /* JKIAPActivityIndicatorProtocol.h in Headers */,
				3C18D6C323A0C564004566B2 /* JKJailbreakDetectTool.h in Headers */,
				3C18D6CD23A0E75B004566B2 /* SAMKeychain.h in Headers */,
				3C18D6CA23A0CB30004566B2 /* JKReachability.h in Headers */,
				3C18D6CC23A0E754004566B2 /* SAMKeychainQuery.h in Headers */,
				3C18D6C123A0C540004566B2 /* JKIAPTransactionModel.h in Headers */,
			);
			runOnlyForDeploymentPostprocessing = 0;
		};
/* End PBXHeadersBuildPhase section */

/* Begin PBXNativeTarget section */
		3C24EE4D22F9689900A81B08 /* JKIAPHelper */ = {
			isa = PBXNativeTarget;
			buildConfigurationList = 3C24EE5722F9689900A81B08 /* Build configuration list for PBXNativeTarget "JKIAPHelper" */;
			buildPhases = (
				3C24EE4922F9689900A81B08 /* Headers */,
				3C24EE4A22F9689900A81B08 /* Sources */,
				3C24EE4B22F9689900A81B08 /* Frameworks */,
				3C24EE4C22F9689900A81B08 /* Resources */,
			);
			buildRules = (
			);
			dependencies = (
			);
			name = JKIAPHelper;
			productName = JKIAPHelper;
			productReference = 3C24EE4E22F9689900A81B08 /* JKIAPHelper.framework */;
			productType = "com.apple.product-type.framework";
		};
		3C697E7F21194BC500DACD60 /* IPADemo */ = {
			isa = PBXNativeTarget;
			buildConfigurationList = 3C697E9621194BD900DACD60 /* Build configuration list for PBXNativeTarget "IPADemo" */;
			buildPhases = (
				3C697E7C21194BC500DACD60 /* Sources */,
				3C697E7D21194BC500DACD60 /* Frameworks */,
				3C697E7E21194BC500DACD60 /* Resources */,
				3C24EE5A22F9689900A81B08 /* Embed Frameworks */,
			);
			buildRules = (
			);
			dependencies = (
				3C24EE5422F9689900A81B08 /* PBXTargetDependency */,
			);
			name = IPADemo;
			productName = IPADemo;
			productReference = 3C697E8021194BC500DACD60 /* IPADemo.app */;
			productType = "com.apple.product-type.application";
		};
/* End PBXNativeTarget section */

/* Begin PBXProject section */
		3C697E7821194BC500DACD60 /* Project object */ = {
			isa = PBXProject;
			attributes = {
				LastUpgradeCheck = 1000;
				ORGANIZATIONNAME = kane;
				TargetAttributes = {
					3C24EE4D22F9689900A81B08 = {
						CreatedOnToolsVersion = 10.3;
						LastSwiftMigration = 1030;
					};
					3C697E7F21194BC500DACD60 = {
						CreatedOnToolsVersion = 10.0;
						SystemCapabilities = {
							com.apple.InAppPurchase = {
								enabled = 1;
							};
						};
					};
				};
			};
			buildConfigurationList = 3C697E7B21194BC500DACD60 /* Build configuration list for PBXProject "IPADemo" */;
			compatibilityVersion = "Xcode 9.3";
			developmentRegion = en;
			hasScannedForEncodings = 0;
			knownRegions = (
				en,
				Base,
			);
			mainGroup = 3C697E7721194BC500DACD60;
			productRefGroup = 3C697E8121194BC500DACD60 /* Products */;
			projectDirPath = "";
			projectRoot = "";
			targets = (
				3C697E7F21194BC500DACD60 /* IPADemo */,
				3C24EE4D22F9689900A81B08 /* JKIAPHelper */,
			);
		};
/* End PBXProject section */

/* Begin PBXResourcesBuildPhase section */
		3C24EE4C22F9689900A81B08 /* Resources */ = {
			isa = PBXResourcesBuildPhase;
			buildActionMask = 2147483647;
			files = (
			);
			runOnlyForDeploymentPostprocessing = 0;
		};
		3C697E7E21194BC500DACD60 /* Resources */ = {
			isa = PBXResourcesBuildPhase;
			buildActionMask = 2147483647;
			files = (
				3C697E9021194BD900DACD60 /* LaunchScreen.storyboard in Resources */,
				3C697E8D21194BD900DACD60 /* Assets.xcassets in Resources */,
				3C697ECE21199E2A00DACD60 /* SAMKeychain.bundle in Resources */,
				3C697E8B21194BC500DACD60 /* Main.storyboard in Resources */,
			);
			runOnlyForDeploymentPostprocessing = 0;
		};
/* End PBXResourcesBuildPhase section */

/* Begin PBXSourcesBuildPhase section */
		3C24EE4A22F9689900A81B08 /* Sources */ = {
			isa = PBXSourcesBuildPhase;
			buildActionMask = 2147483647;
			files = (
				3C18D6C223A0C55D004566B2 /* JKIAPConfig.m in Sources */,
				3C18D6C423A0C567004566B2 /* JKIAPTransactionModel.m in Sources */,
				3C18D6C023A0C532004566B2 /* JKJailbreakDetectTool.m in Sources */,
				3C18D6C923A0CB30004566B2 /* JKReachability.m in Sources */,
			);
			runOnlyForDeploymentPostprocessing = 0;
		};
		3C697E7C21194BC500DACD60 /* Sources */ = {
			isa = PBXSourcesBuildPhase;
			buildActionMask = 2147483647;
			files = (
				3C697E8821194BC500DACD60 /* ViewController.m in Sources */,
				3C697ECC21199E2A00DACD60 /* SAMKeychain.m in Sources */,
				3C697ECD21199E2A00DACD60 /* SAMKeychainQuery.m in Sources */,
				3C697E9321194BD900DACD60 /* main.m in Sources */,
				3C697E8521194BC500DACD60 /* AppDelegate.m in Sources */,
			);
			runOnlyForDeploymentPostprocessing = 0;
		};
/* End PBXSourcesBuildPhase section */

/* Begin PBXTargetDependency section */
		3C24EE5422F9689900A81B08 /* PBXTargetDependency */ = {
			isa = PBXTargetDependency;
			target = 3C24EE4D22F9689900A81B08 /* JKIAPHelper */;
			targetProxy = 3C24EE5322F9689900A81B08 /* PBXContainerItemProxy */;
		};
/* End PBXTargetDependency section */

/* Begin PBXVariantGroup section */
		3C697E8921194BC500DACD60 /* Main.storyboard */ = {
			isa = PBXVariantGroup;
			children = (
				3C697E8A21194BC500DACD60 /* Base */,
			);
			name = Main.storyboard;
			sourceTree = "<group>";
		};
		3C697E8E21194BD900DACD60 /* LaunchScreen.storyboard */ = {
			isa = PBXVariantGroup;
			children = (
				3C697E8F21194BD900DACD60 /* Base */,
			);
			name = LaunchScreen.storyboard;
			sourceTree = "<group>";
		};
/* End PBXVariantGroup section */

/* Begin XCBuildConfiguration section */
		3C24EE5822F9689900A81B08 /* Debug */ = {
			isa = XCBuildConfiguration;
			buildSettings = {
				BITCODE_GENERATION_MODE = bitcode;
				CLANG_ENABLE_MODULES = YES;
				CODE_SIGN_IDENTITY = "iPhone Developer";
				CODE_SIGN_STYLE = Manual;
				CURRENT_PROJECT_VERSION = 1;
				DEFINES_MODULE = YES;
				DEVELOPMENT_TEAM = "";
				DYLIB_COMPATIBILITY_VERSION = 1;
				DYLIB_CURRENT_VERSION = 1;
				DYLIB_INSTALL_NAME_BASE = "@rpath";
				INFOPLIST_FILE = JKIAPHelper/Info.plist;
				INSTALL_PATH = "$(LOCAL_LIBRARY_DIR)/Frameworks";
				IPHONEOS_DEPLOYMENT_TARGET = 9.0;
				LD_RUNPATH_SEARCH_PATHS = (
					"$(inherited)",
					"@executable_path/Frameworks",
					"@loader_path/Frameworks",
				);
				PRODUCT_BUNDLE_IDENTIFIER = com.JKIAPHelper;
				PRODUCT_NAME = "$(TARGET_NAME:c99extidentifier)";
				PROVISIONING_PROFILE_SPECIFIER = "";
				"PROVISIONING_PROFILE_SPECIFIER[sdk=macosx*]" = "";
				SKIP_INSTALL = YES;
				SUPPORTS_MACCATALYST = NO;
				SWIFT_ACTIVE_COMPILATION_CONDITIONS = DEBUG;
				SWIFT_OPTIMIZATION_LEVEL = "-Onone";
				SWIFT_VERSION = 5.0;
				TARGETED_DEVICE_FAMILY = "1,2";
				USER_HEADER_SEARCH_PATHS = "${SRCROOT}/**";
				VERSIONING_SYSTEM = "apple-generic";
				VERSION_INFO_PREFIX = "";
			};
			name = Debug;
		};
		3C24EE5922F9689900A81B08 /* Release */ = {
			isa = XCBuildConfiguration;
			buildSettings = {
				BITCODE_GENERATION_MODE = bitcode;
				CLANG_ENABLE_MODULES = YES;
				CODE_SIGN_IDENTITY = "";
				CODE_SIGN_STYLE = Manual;
				CURRENT_PROJECT_VERSION = 1;
				DEFINES_MODULE = YES;
				DEVELOPMENT_TEAM = "";
				DYLIB_COMPATIBILITY_VERSION = 1;
				DYLIB_CURRENT_VERSION = 1;
				DYLIB_INSTALL_NAME_BASE = "@rpath";
				INFOPLIST_FILE = JKIAPHelper/Info.plist;
				INSTALL_PATH = "$(LOCAL_LIBRARY_DIR)/Frameworks";
				IPHONEOS_DEPLOYMENT_TARGET = 9.0;
				LD_RUNPATH_SEARCH_PATHS = (
					"$(inherited)",
					"@executable_path/Frameworks",
					"@loader_path/Frameworks",
				);
				PRODUCT_BUNDLE_IDENTIFIER = com.JKIAPHelper;
				PRODUCT_NAME = "$(TARGET_NAME:c99extidentifier)";
				PROVISIONING_PROFILE_SPECIFIER = "";
				"PROVISIONING_PROFILE_SPECIFIER[sdk=macosx*]" = "";
				SKIP_INSTALL = YES;
				SUPPORTS_MACCATALYST = NO;
				SWIFT_COMPILATION_MODE = wholemodule;
				SWIFT_OPTIMIZATION_LEVEL = "-O";
				SWIFT_VERSION = 5.0;
				TARGETED_DEVICE_FAMILY = "1,2";
				USER_HEADER_SEARCH_PATHS = "${SRCROOT}/**";
				VERSIONING_SYSTEM = "apple-generic";
				VERSION_INFO_PREFIX = "";
			};
			name = Release;
		};
		3C697E9421194BD900DACD60 /* Debug */ = {
			isa = XCBuildConfiguration;
			buildSettings = {
				ALWAYS_SEARCH_USER_PATHS = NO;
				CLANG_ANALYZER_NONNULL = YES;
				CLANG_ANALYZER_NUMBER_OBJECT_CONVERSION = YES_AGGRESSIVE;
				CLANG_CXX_LANGUAGE_STANDARD = "gnu++14";
				CLANG_CXX_LIBRARY = "libc++";
				CLANG_ENABLE_MODULES = YES;
				CLANG_ENABLE_OBJC_ARC = YES;
				CLANG_ENABLE_OBJC_WEAK = YES;
				CLANG_WARN_BLOCK_CAPTURE_AUTORELEASING = YES;
				CLANG_WARN_BOOL_CONVERSION = YES;
				CLANG_WARN_COMMA = YES;
				CLANG_WARN_CONSTANT_CONVERSION = YES;
				CLANG_WARN_DEPRECATED_OBJC_IMPLEMENTATIONS = YES;
				CLANG_WARN_DIRECT_OBJC_ISA_USAGE = YES_ERROR;
				CLANG_WARN_DOCUMENTATION_COMMENTS = YES;
				CLANG_WARN_EMPTY_BODY = YES;
				CLANG_WARN_ENUM_CONVERSION = YES;
				CLANG_WARN_INFINITE_RECURSION = YES;
				CLANG_WARN_INT_CONVERSION = YES;
				CLANG_WARN_NON_LITERAL_NULL_CONVERSION = YES;
				CLANG_WARN_OBJC_IMPLICIT_RETAIN_SELF = YES;
				CLANG_WARN_OBJC_LITERAL_CONVERSION = YES;
				CLANG_WARN_OBJC_ROOT_CLASS = YES_ERROR;
				CLANG_WARN_RANGE_LOOP_ANALYSIS = YES;
				CLANG_WARN_STRICT_PROTOTYPES = YES;
				CLANG_WARN_SUSPICIOUS_MOVE = YES;
				CLANG_WARN_UNGUARDED_AVAILABILITY = YES_AGGRESSIVE;
				CLANG_WARN_UNREACHABLE_CODE = YES;
				CLANG_WARN__DUPLICATE_METHOD_MATCH = YES;
				CODE_SIGN_IDENTITY = "iPhone Developer";
				COPY_PHASE_STRIP = NO;
				DEBUG_INFORMATION_FORMAT = dwarf;
				ENABLE_STRICT_OBJC_MSGSEND = YES;
				ENABLE_TESTABILITY = YES;
				GCC_C_LANGUAGE_STANDARD = gnu11;
				GCC_DYNAMIC_NO_PIC = NO;
				GCC_NO_COMMON_BLOCKS = YES;
				GCC_OPTIMIZATION_LEVEL = 0;
				GCC_PREPROCESSOR_DEFINITIONS = (
					"DEBUG=1",
					"$(inherited)",
				);
				GCC_WARN_64_TO_32_BIT_CONVERSION = YES;
				GCC_WARN_ABOUT_RETURN_TYPE = YES_ERROR;
				GCC_WARN_UNDECLARED_SELECTOR = YES;
				GCC_WARN_UNINITIALIZED_AUTOS = YES_AGGRESSIVE;
				GCC_WARN_UNUSED_FUNCTION = YES;
				GCC_WARN_UNUSED_VARIABLE = YES;
				IPHONEOS_DEPLOYMENT_TARGET = 12.0;
				MTL_ENABLE_DEBUG_INFO = INCLUDE_SOURCE;
				MTL_FAST_MATH = YES;
				ONLY_ACTIVE_ARCH = YES;
				SDKROOT = iphoneos;
			};
			name = Debug;
		};
		3C697E9521194BD900DACD60 /* Release */ = {
			isa = XCBuildConfiguration;
			buildSettings = {
				ALWAYS_SEARCH_USER_PATHS = NO;
				CLANG_ANALYZER_NONNULL = YES;
				CLANG_ANALYZER_NUMBER_OBJECT_CONVERSION = YES_AGGRESSIVE;
				CLANG_CXX_LANGUAGE_STANDARD = "gnu++14";
				CLANG_CXX_LIBRARY = "libc++";
				CLANG_ENABLE_MODULES = YES;
				CLANG_ENABLE_OBJC_ARC = YES;
				CLANG_ENABLE_OBJC_WEAK = YES;
				CLANG_WARN_BLOCK_CAPTURE_AUTORELEASING = YES;
				CLANG_WARN_BOOL_CONVERSION = YES;
				CLANG_WARN_COMMA = YES;
				CLANG_WARN_CONSTANT_CONVERSION = YES;
				CLANG_WARN_DEPRECATED_OBJC_IMPLEMENTATIONS = YES;
				CLANG_WARN_DIRECT_OBJC_ISA_USAGE = YES_ERROR;
				CLANG_WARN_DOCUMENTATION_COMMENTS = YES;
				CLANG_WARN_EMPTY_BODY = YES;
				CLANG_WARN_ENUM_CONVERSION = YES;
				CLANG_WARN_INFINITE_RECURSION = YES;
				CLANG_WARN_INT_CONVERSION = YES;
				CLANG_WARN_NON_LITERAL_NULL_CONVERSION = YES;
				CLANG_WARN_OBJC_IMPLICIT_RETAIN_SELF = YES;
				CLANG_WARN_OBJC_LITERAL_CONVERSION = YES;
				CLANG_WARN_OBJC_ROOT_CLASS = YES_ERROR;
				CLANG_WARN_RANGE_LOOP_ANALYSIS = YES;
				CLANG_WARN_STRICT_PROTOTYPES = YES;
				CLANG_WARN_SUSPICIOUS_MOVE = YES;
				CLANG_WARN_UNGUARDED_AVAILABILITY = YES_AGGRESSIVE;
				CLANG_WARN_UNREACHABLE_CODE = YES;
				CLANG_WARN__DUPLICATE_METHOD_MATCH = YES;
				CODE_SIGN_IDENTITY = "iPhone Developer";
				COPY_PHASE_STRIP = NO;
				DEBUG_INFORMATION_FORMAT = "dwarf-with-dsym";
				ENABLE_NS_ASSERTIONS = NO;
				ENABLE_STRICT_OBJC_MSGSEND = YES;
				GCC_C_LANGUAGE_STANDARD = gnu11;
				GCC_NO_COMMON_BLOCKS = YES;
				GCC_WARN_64_TO_32_BIT_CONVERSION = YES;
				GCC_WARN_ABOUT_RETURN_TYPE = YES_ERROR;
				GCC_WARN_UNDECLARED_SELECTOR = YES;
				GCC_WARN_UNINITIALIZED_AUTOS = YES_AGGRESSIVE;
				GCC_WARN_UNUSED_FUNCTION = YES;
				GCC_WARN_UNUSED_VARIABLE = YES;
				IPHONEOS_DEPLOYMENT_TARGET = 12.0;
				MTL_ENABLE_DEBUG_INFO = NO;
				MTL_FAST_MATH = YES;
				SDKROOT = iphoneos;
				VALIDATE_PRODUCT = YES;
			};
			name = Release;
		};
		3C697E9721194BD900DACD60 /* Debug */ = {
			isa = XCBuildConfiguration;
			buildSettings = {
				ASSETCATALOG_COMPILER_APPICON_NAME = AppIcon;
				CLANG_ALLOW_NON_MODULAR_INCLUDES_IN_FRAMEWORK_MODULES = YES;
				CODE_SIGN_IDENTITY = "Apple Development";
				CODE_SIGN_STYLE = Automatic;
				DEVELOPMENT_TEAM = YJVUC2HB77;
				ENABLE_BITCODE = NO;
				INFOPLIST_FILE = IPADemo/Info.plist;
				IPHONEOS_DEPLOYMENT_TARGET = 9.0;
				LD_RUNPATH_SEARCH_PATHS = (
					"$(inherited)",
					"@executable_path/Frameworks",
				);
				PRODUCT_BUNDLE_IDENTIFIER = com.kane.refueling;
				PRODUCT_NAME = "$(TARGET_NAME)";
				PROVISIONING_PROFILE_SPECIFIER = "";
				TARGETED_DEVICE_FAMILY = "1,2";
			};
			name = Debug;
		};
		3C697E9821194BD900DACD60 /* Release */ = {
			isa = XCBuildConfiguration;
			buildSettings = {
				ASSETCATALOG_COMPILER_APPICON_NAME = AppIcon;
				CLANG_ALLOW_NON_MODULAR_INCLUDES_IN_FRAMEWORK_MODULES = YES;
				CODE_SIGN_IDENTITY = "Apple Development";
				CODE_SIGN_STYLE = Automatic;
				DEVELOPMENT_TEAM = YJVUC2HB77;
				ENABLE_BITCODE = NO;
				INFOPLIST_FILE = IPADemo/Info.plist;
				IPHONEOS_DEPLOYMENT_TARGET = 9.0;
				LD_RUNPATH_SEARCH_PATHS = (
					"$(inherited)",
					"@executable_path/Frameworks",
				);
				PRODUCT_BUNDLE_IDENTIFIER = com.kane.refueling;
				PRODUCT_NAME = "$(TARGET_NAME)";
				PROVISIONING_PROFILE_SPECIFIER = "";
				TARGETED_DEVICE_FAMILY = "1,2";
			};
			name = Release;
		};
/* End XCBuildConfiguration section */

/* Begin XCConfigurationList section */
		3C24EE5722F9689900A81B08 /* Build configuration list for PBXNativeTarget "JKIAPHelper" */ = {
			isa = XCConfigurationList;
			buildConfigurations = (
				3C24EE5822F9689900A81B08 /* Debug */,
				3C24EE5922F9689900A81B08 /* Release */,
			);
			defaultConfigurationIsVisible = 0;
			defaultConfigurationName = Release;
		};
		3C697E7B21194BC500DACD60 /* Build configuration list for PBXProject "IPADemo" */ = {
			isa = XCConfigurationList;
			buildConfigurations = (
				3C697E9421194BD900DACD60 /* Debug */,
				3C697E9521194BD900DACD60 /* Release */,
			);
			defaultConfigurationIsVisible = 0;
			defaultConfigurationName = Release;
		};
		3C697E9621194BD900DACD60 /* Build configuration list for PBXNativeTarget "IPADemo" */ = {
			isa = XCConfigurationList;
			buildConfigurations = (
				3C697E9721194BD900DACD60 /* Debug */,
				3C697E9821194BD900DACD60 /* Release */,
			);
			defaultConfigurationIsVisible = 0;
			defaultConfigurationName = Release;
		};
/* End XCConfigurationList section */
	};
	rootObject = 3C697E7821194BC500DACD60 /* Project object */;
}
